
Microsoft Visual Studio Solution File, Format Version 12.00
# Visual Studio Version 17
VisualStudioVersion = 17.2.32505.173
MinimumVisualStudioVersion = 10.0.40219.1
Project("{8BC9CEB8-8B4A-11D0-8D11-00A0C91BC942}") = "2.4 oop", "2.4 oop\2.4 oop.vcxproj", "{E24F6884-E099-415D-A4FA-D77AEBEE7CA8}"
EndProject
Project("{8BC9CEB8-8B4A-11D0-8D11-00A0C91BC942}") = "UnitTest1", "UnitTest1\UnitTest1.vcxproj", "{83628915-1E6E-49BD-B073-C100139C9D01}"
EndProject
Global
	GlobalSection(SolutionConfigurationPlatforms) = preSolution
		Debug|x64 = Debug|x64
		Debug|x86 = Debug|x86
		Release|x64 = Release|x64
		Release|x86 = Release|x86
	EndGlobalSection
	GlobalSection(ProjectConfigurationPlatforms) = postSolution
		{E24F6884-E099-415D-A4FA-D77AEBEE7CA8}.Debug|x64.ActiveCfg = Debug|x64
		{E24F6884-E099-415D-A4FA-D77AEBEE7CA8}.Debug|x64.Build.0 = Debug|x64
		{E24F6884-E099-415D-A4FA-D77AEBEE7CA8}.Debug|x86.ActiveCfg = Debug|Win32
		{E24F6884-E099-415D-A4FA-D77AEBEE7CA8}.Debug|x86.Build.0 = Debug|Win32
		{E24F6884-E099-415D-A4FA-D77AEBEE7CA8}.Release|x64.ActiveCfg = Release|x64
		{E24F6884-E099-415D-A4FA-D77AEBEE7CA8}.Release|x64.Build.0 = Release|x64
		{E24F6884-E099-415D-A4FA-D77AEBEE7CA8}.Release|x86.ActiveCfg = Release|Win32
		{E24F6884-E099-415D-A4FA-D77AEBEE7CA8}.Release|x86.Build.0 = Release|Win32
		{83628915-1E6E-49BD-B073-C100139C9D01}.Debug|x64.ActiveCfg = Debug|x64
		{83628915-1E6E-49BD-B073-C100139C9D01}.Debug|x64.Build.0 = Debug|x64
		{83628915-1E6E-49BD-B073-C100139C9D01}.Debug|x86.ActiveCfg = Debug|Win32
		{83628915-1E6E-49BD-B073-C100139C9D01}.Debug|x86.Build.0 = Debug|Win32
		{83628915-1E6E-49BD-B073-C100139C9D01}.Release|x64.ActiveCfg = Release|x64
		{83628915-1E6E-49BD-B073-C100139C9D01}.Release|x64.Build.0 = Release|x64
		{83628915-1E6E-49BD-B073-C100139C9D01}.Release|x86.ActiveCfg = Release|Win32
		{83628915-1E6E-49BD-B073-C100139C9D01}.Release|x86.Build.0 = Release|Win32
	EndGlobalSection
	GlobalSection(SolutionProperties) = preSolution
		HideSolutionNode = FALSE
	EndGlobalSection
	GlobalSection(ExtensibilityGlobals) = postSolution
		SolutionGuid = {E1B0BFC0-A4D9-45D8-A792-740D0268D506}
	EndGlobalSection
EndGlobal
